// !$*UTF8*$!
{
	archiveVersion = 1;
	classes = {
	};
	objectVersion = 56;
	objects = {

/* Begin PBXBuildFile section */
		C8554D2F294CA6010080B2AE /* ViewBuilderApp.swift in Sources */ = {isa = PBXBuildFile; fileRef = C8554D2E294CA6010080B2AE /* ViewBuilderApp.swift */; };
		C8554D31294CA6010080B2AE /* ContentView.swift in Sources */ = {isa = PBXBuildFile; fileRef = C8554D30294CA6010080B2AE /* ContentView.swift */; };
		C8554D33294CA6020080B2AE /* Assets.xcassets in Resources */ = {isa = PBXBuildFile; fileRef = C8554D32294CA6020080B2AE /* Assets.xcassets */; };
		C8554D37294CA6020080B2AE /* Preview Assets.xcassets in Resources */ = {isa = PBXBuildFile; fileRef = C8554D36294CA6020080B2AE /* Preview Assets.xcassets */; };
		C8554D41294CA6020080B2AE /* ViewBuilderTests.swift in Sources */ = {isa = PBXBuildFile; fileRef = C8554D40294CA6020080B2AE /* ViewBuilderTests.swift */; };
		C8554D4B294CA6020080B2AE /* ViewBuilderUITests.swift in Sources */ = {isa = PBXBuildFile; fileRef = C8554D4A294CA6020080B2AE /* ViewBuilderUITests.swift */; };
		C8554D4D294CA6020080B2AE /* ViewBuilderUITestsLaunchTests.swift in Sources */ = {isa = PBXBuildFile; fileRef = C8554D4C294CA6020080B2AE /* ViewBuilderUITestsLaunchTests.swift */; };
		C8554D5D294CAB1A0080B2AE /* ContainerView.swift in Sources */ = {isa = PBXBuildFile; fileRef = C8554D5C294CAB1A0080B2AE /* ContainerView.swift */; };
		C8554D5F294CAFA00080B2AE /* ViewTypes.swift in Sources */ = {isa = PBXBuildFile; fileRef = C8554D5E294CAFA00080B2AE /* ViewTypes.swift */; };
		C8554D61294CB6EE0080B2AE /* LoadingView.swift in Sources */ = {isa = PBXBuildFile; fileRef = C8554D60294CB6EE0080B2AE /* LoadingView.swift */; };
		C8554D63294CB6FC0080B2AE /* NeedLoginView.swift in Sources */ = {isa = PBXBuildFile; fileRef = C8554D62294CB6FC0080B2AE /* NeedLoginView.swift */; };
		C8554D65294CB7150080B2AE /* EmptyView.swift in Sources */ = {isa = PBXBuildFile; fileRef = C8554D64294CB7150080B2AE /* EmptyView.swift */; };
/* End PBXBuildFile section */

/* Begin PBXContainerItemProxy section */
		C8554D3D294CA6020080B2AE /* PBXContainerItemProxy */ = {
			isa = PBXContainerItemProxy;
			containerPortal = C8554D23294CA6010080B2AE /* Project object */;
			proxyType = 1;
			remoteGlobalIDString = C8554D2A294CA6010080B2AE;
			remoteInfo = ViewBuilder;
		};
		C8554D47294CA6020080B2AE /* PBXContainerItemProxy */ = {
			isa = PBXContainerItemProxy;
			containerPortal = C8554D23294CA6010080B2AE /* Project object */;
			proxyType = 1;
			remoteGlobalIDString = C8554D2A294CA6010080B2AE;
			remoteInfo = ViewBuilder;
		};
/* End PBXContainerItemProxy section */

/* Begin PBXFileReference section */
		C8554D2B294CA6010080B2AE /* ViewBuilder.app */ = {isa = PBXFileReference; explicitFileType = wrapper.application; includeInIndex = 0; path = ViewBuilder.app; sourceTree = BUILT_PRODUCTS_DIR; };
		C8554D2E294CA6010080B2AE /* ViewBuilderApp.swift */ = {isa = PBXFileReference; lastKnownFileType = sourcecode.swift; path = ViewBuilderApp.swift; sourceTree = "<group>"; };
		C8554D30294CA6010080B2AE /* ContentView.swift */ = {isa = PBXFileReference; lastKnownFileType = sourcecode.swift; path = ContentView.swift; sourceTree = "<group>"; };
		C8554D32294CA6020080B2AE /* Assets.xcassets */ = {isa = PBXFileReference; lastKnownFileType = folder.assetcatalog; path = Assets.xcassets; sourceTree = "<group>"; };
		C8554D34294CA6020080B2AE /* ViewBuilder.entitlements */ = {isa = PBXFileReference; lastKnownFileType = text.plist.entitlements; path = ViewBuilder.entitlements; sourceTree = "<group>"; };
		C8554D36294CA6020080B2AE /* Preview Assets.xcassets */ = {isa = PBXFileReference; lastKnownFileType = folder.assetcatalog; path = "Preview Assets.xcassets"; sourceTree = "<group>"; };
		C8554D3C294CA6020080B2AE /* ViewBuilderTests.xctest */ = {isa = PBXFileReference; explicitFileType = wrapper.cfbundle; includeInIndex = 0; path = ViewBuilderTests.xctest; sourceTree = BUILT_PRODUCTS_DIR; };
		C8554D40294CA6020080B2AE /* ViewBuilderTests.swift */ = {isa = PBXFileReference; lastKnownFileType = sourcecode.swift; path = ViewBuilderTests.swift; sourceTree = "<group>"; };
		C8554D46294CA6020080B2AE /* ViewBuilderUITests.xctest */ = {isa = PBXFileReference; explicitFileType = wrapper.cfbundle; includeInIndex = 0; path = ViewBuilderUITests.xctest; sourceTree = BUILT_PRODUCTS_DIR; };
		C8554D4A294CA6020080B2AE /* ViewBuilderUITests.swift */ = {isa = PBXFileReference; lastKnownFileType = sourcecode.swift; path = ViewBuilderUITests.swift; sourceTree = "<group>"; };
		C8554D4C294CA6020080B2AE /* ViewBuilderUITestsLaunchTests.swift */ = {isa = PBXFileReference; lastKnownFileType = sourcecode.swift; path = ViewBuilderUITestsLaunchTests.swift; sourceTree = "<group>"; };
		C8554D5C294CAB1A0080B2AE /* ContainerView.swift */ = {isa = PBXFileReference; lastKnownFileType = sourcecode.swift; path = ContainerView.swift; sourceTree = "<group>"; };
		C8554D5E294CAFA00080B2AE /* ViewTypes.swift */ = {isa = PBXFileReference; lastKnownFileType = sourcecode.swift; path = ViewTypes.swift; sourceTree = "<group>"; };
		C8554D60294CB6EE0080B2AE /* LoadingView.swift */ = {isa = PBXFileReference; lastKnownFileType = sourcecode.swift; path = LoadingView.swift; sourceTree = "<group>"; };
		C8554D62294CB6FC0080B2AE /* NeedLoginView.swift */ = {isa = PBXFileReference; lastKnownFileType = sourcecode.swift; path = NeedLoginView.swift; sourceTree = "<group>"; };
		C8554D64294CB7150080B2AE /* EmptyView.swift */ = {isa = PBXFileReference; lastKnownFileType = sourcecode.swift; path = EmptyView.swift; sourceTree = "<group>"; };
/* End PBXFileReference section */

/* Begin PBXFrameworksBuildPhase section */
		C8554D28294CA6010080B2AE /* Frameworks */ = {
			isa = PBXFrameworksBuildPhase;
			buildActionMask = 2147483647;
			files = (
			);
			runOnlyForDeploymentPostprocessing = 0;
		};
		C8554D39294CA6020080B2AE /* Frameworks */ = {
			isa = PBXFrameworksBuildPhase;
			buildActionMask = 2147483647;
			files = (
			);
			runOnlyForDeploymentPostprocessing = 0;
		};
		C8554D43294CA6020080B2AE /* Frameworks */ = {
			isa = PBXFrameworksBuildPhase;
			buildActionMask = 2147483647;
			files = (
			);
			runOnlyForDeploymentPostprocessing = 0;
		};
/* End PBXFrameworksBuildPhase section */

/* Begin PBXGroup section */
		C8554D22294CA6010080B2AE = {
			isa = PBXGroup;
			children = (
				C8554D2D294CA6010080B2AE /* ViewBuilder */,
				C8554D3F294CA6020080B2AE /* ViewBuilderTests */,
				C8554D49294CA6020080B2AE /* ViewBuilderUITests */,
				C8554D2C294CA6010080B2AE /* Products */,
			);
			sourceTree = "<group>";
		};
		C8554D2C294CA6010080B2AE /* Products */ = {
			isa = PBXGroup;
			children = (
				C8554D2B294CA6010080B2AE /* ViewBuilder.app */,
				C8554D3C294CA6020080B2AE /* ViewBuilderTests.xctest */,
				C8554D46294CA6020080B2AE /* ViewBuilderUITests.xctest */,
			);
			name = Products;
			sourceTree = "<group>";
		};
		C8554D2D294CA6010080B2AE /* ViewBuilder */ = {
			isa = PBXGroup;
			children = (
				C8554D59294CA7040080B2AE /* Utilities */,
				C8554D2E294CA6010080B2AE /* ViewBuilderApp.swift */,
				C8554D30294CA6010080B2AE /* ContentView.swift */,
				C8554D32294CA6020080B2AE /* Assets.xcassets */,
				C8554D34294CA6020080B2AE /* ViewBuilder.entitlements */,
				C8554D35294CA6020080B2AE /* Preview Content */,
			);
			path = ViewBuilder;
			sourceTree = "<group>";
		};
		C8554D35294CA6020080B2AE /* Preview Content */ = {
			isa = PBXGroup;
			children = (
				C8554D36294CA6020080B2AE /* Preview Assets.xcassets */,
			);
			path = "Preview Content";
			sourceTree = "<group>";
		};
		C8554D3F294CA6020080B2AE /* ViewBuilderTests */ = {
			isa = PBXGroup;
			children = (
				C8554D40294CA6020080B2AE /* ViewBuilderTests.swift */,
			);
			path = ViewBuilderTests;
			sourceTree = "<group>";
		};
		C8554D49294CA6020080B2AE /* ViewBuilderUITests */ = {
			isa = PBXGroup;
			children = (
				C8554D4A294CA6020080B2AE /* ViewBuilderUITests.swift */,
				C8554D4C294CA6020080B2AE /* ViewBuilderUITestsLaunchTests.swift */,
			);
			path = ViewBuilderUITests;
			sourceTree = "<group>";
		};
		C8554D59294CA7040080B2AE /* Utilities */ = {
			isa = PBXGroup;
			children = (
				C8554D5E294CAFA00080B2AE /* ViewTypes.swift */,
				C8554D60294CB6EE0080B2AE /* LoadingView.swift */,
				C8554D62294CB6FC0080B2AE /* NeedLoginView.swift */,
				C8554D64294CB7150080B2AE /* EmptyView.swift */,
				C8554D5C294CAB1A0080B2AE /* ContainerView.swift */,
			);
			path = Utilities;
			sourceTree = "<group>";
		};
/* End PBXGroup section */

/* Begin PBXNativeTarget section */
		C8554D2A294CA6010080B2AE /* ViewBuilder */ = {
			isa = PBXNativeTarget;
			buildConfigurationList = C8554D50294CA6020080B2AE /* Build configuration list for PBXNativeTarget "ViewBuilder" */;
			buildPhases = (
				C8554D27294CA6010080B2AE /* Sources */,
				C8554D28294CA6010080B2AE /* Frameworks */,
				C8554D29294CA6010080B2AE /* Resources */,
			);
			buildRules = (
			);
			dependencies = (
			);
			name = ViewBuilder;
			productName = ViewBuilder;
			productReference = C8554D2B294CA6010080B2AE /* ViewBuilder.app */;
			productType = "com.apple.product-type.application";
		};
		C8554D3B294CA6020080B2AE /* ViewBuilderTests */ = {
			isa = PBXNativeTarget;
			buildConfigurationList = C8554D53294CA6020080B2AE /* Build configuration list for PBXNativeTarget "ViewBuilderTests" */;
			buildPhases = (
				C8554D38294CA6020080B2AE /* Sources */,
				C8554D39294CA6020080B2AE /* Frameworks */,
				C8554D3A294CA6020080B2AE /* Resources */,
			);
			buildRules = (
			);
			dependencies = (
				C8554D3E294CA6020080B2AE /* PBXTargetDependency */,
			);
			name = ViewBuilderTests;
			productName = ViewBuilderTests;
			productReference = C8554D3C294CA6020080B2AE /* ViewBuilderTests.xctest */;
			productType = "com.apple.product-type.bundle.unit-test";
		};
		C8554D45294CA6020080B2AE /* ViewBuilderUITests */ = {
			isa = PBXNativeTarget;
			buildConfigurationList = C8554D56294CA6020080B2AE /* Build configuration list for PBXNativeTarget "ViewBuilderUITests" */;
			buildPhases = (
				C8554D42294CA6020080B2AE /* Sources */,
				C8554D43294CA6020080B2AE /* Frameworks */,
				C8554D44294CA6020080B2AE /* Resources */,
			);
			buildRules = (
			);
			dependencies = (
				C8554D48294CA6020080B2AE /* PBXTargetDependency */,
			);
			name = ViewBuilderUITests;
			productName = ViewBuilderUITests;
			productReference = C8554D46294CA6020080B2AE /* ViewBuilderUITests.xctest */;
			productType = "com.apple.product-type.bundle.ui-testing";
		};
/* End PBXNativeTarget section */

/* Begin PBXProject section */
		C8554D23294CA6010080B2AE /* Project object */ = {
			isa = PBXProject;
			attributes = {
				BuildIndependentTargetsInParallel = 1;
				LastSwiftUpdateCheck = 1420;
				LastUpgradeCheck = 1420;
				TargetAttributes = {
					C8554D2A294CA6010080B2AE = {
						CreatedOnToolsVersion = 14.2;
					};
					C8554D3B294CA6020080B2AE = {
						CreatedOnToolsVersion = 14.2;
						TestTargetID = C8554D2A294CA6010080B2AE;
					};
					C8554D45294CA6020080B2AE = {
						CreatedOnToolsVersion = 14.2;
						TestTargetID = C8554D2A294CA6010080B2AE;
					};
				};
			};
			buildConfigurationList = C8554D26294CA6010080B2AE /* Build configuration list for PBXProject "ViewBuilder" */;
			compatibilityVersion = "Xcode 14.0";
			developmentRegion = en;
			hasScannedForEncodings = 0;
			knownRegions = (
				en,
				Base,
			);
			mainGroup = C8554D22294CA6010080B2AE;
			productRefGroup = C8554D2C294CA6010080B2AE /* Products */;
			projectDirPath = "";
			projectRoot = "";
			targets = (
				C8554D2A294CA6010080B2AE /* ViewBuilder */,
				C8554D3B294CA6020080B2AE /* ViewBuilderTests */,
				C8554D45294CA6020080B2AE /* ViewBuilderUITests */,
			);
		};
/* End PBXProject section */

/* Begin PBXResourcesBuildPhase section */
		C8554D29294CA6010080B2AE /* Resources */ = {
			isa = PBXResourcesBuildPhase;
			buildActionMask = 2147483647;
			files = (
				C8554D37294CA6020080B2AE /* Preview Assets.xcassets in Resources */,
				C8554D33294CA6020080B2AE /* Assets.xcassets in Resources */,
			);
			runOnlyForDeploymentPostprocessing = 0;
		};
		C8554D3A294CA6020080B2AE /* Resources */ = {
			isa = PBXResourcesBuildPhase;
			buildActionMask = 2147483647;
			files = (
			);
			runOnlyForDeploymentPostprocessing = 0;
		};
		C8554D44294CA6020080B2AE /* Resources */ = {
			isa = PBXResourcesBuildPhase;
			buildActionMask = 2147483647;
			files = (
			);
			runOnlyForDeploymentPostprocessing = 0;
		};
/* End PBXResourcesBuildPhase section */

/* Begin PBXSourcesBuildPhase section */
		C8554D27294CA6010080B2AE /* Sources */ = {
			isa = PBXSourcesBuildPhase;
			buildActionMask = 2147483647;
			files = (
				C8554D63294CB6FC0080B2AE /* NeedLoginView.swift in Sources */,
				C8554D31294CA6010080B2AE /* ContentView.swift in Sources */,
				C8554D5D294CAB1A0080B2AE /* ContainerView.swift in Sources */,
				C8554D5F294CAFA00080B2AE /* ViewTypes.swift in Sources */,
				C8554D61294CB6EE0080B2AE /* LoadingView.swift in Sources */,
				C8554D65294CB7150080B2AE /* EmptyView.swift in Sources */,
				C8554D2F294CA6010080B2AE /* ViewBuilderApp.swift in Sources */,
			);
			runOnlyForDeploymentPostprocessing = 0;
		};
		C8554D38294CA6020080B2AE /* Sources */ = {
			isa = PBXSourcesBuildPhase;
			buildActionMask = 2147483647;
			files = (
				C8554D41294CA6020080B2AE /* ViewBuilderTests.swift in Sources */,
			);
			runOnlyForDeploymentPostprocessing = 0;
		};
		C8554D42294CA6020080B2AE /* Sources */ = {
			isa = PBXSourcesBuildPhase;
			buildActionMask = 2147483647;
			files = (
				C8554D4B294CA6020080B2AE /* ViewBuilderUITests.swift in Sources */,
				C8554D4D294CA6020080B2AE /* ViewBuilderUITestsLaunchTests.swift in Sources */,
			);
			runOnlyForDeploymentPostprocessing = 0;
		};
/* End PBXSourcesBuildPhase section */

/* Begin PBXTargetDependency section */
		C8554D3E294CA6020080B2AE /* PBXTargetDependency */ = {
			isa = PBXTargetDependency;
			target = C8554D2A294CA6010080B2AE /* ViewBuilder */;
			targetProxy = C8554D3D294CA6020080B2AE /* PBXContainerItemProxy */;
		};
		C8554D48294CA6020080B2AE /* PBXTargetDependency */ = {
			isa = PBXTargetDependency;
			target = C8554D2A294CA6010080B2AE /* ViewBuilder */;
			targetProxy = C8554D47294CA6020080B2AE /* PBXContainerItemProxy */;
		};
/* End PBXTargetDependency section */

/* Begin XCBuildConfiguration section */
		C8554D4E294CA6020080B2AE /* Debug */ = {
			isa = XCBuildConfiguration;
			buildSettings = {
				ALWAYS_SEARCH_USER_PATHS = NO;
				CLANG_ANALYZER_NONNULL = YES;
				CLANG_ANALYZER_NUMBER_OBJECT_CONVERSION = YES_AGGRESSIVE;
				CLANG_CXX_LANGUAGE_STANDARD = "gnu++20";
				CLANG_ENABLE_MODULES = YES;
				CLANG_ENABLE_OBJC_ARC = YES;
				CLANG_ENABLE_OBJC_WEAK = YES;
				CLANG_WARN_BLOCK_CAPTURE_AUTORELEASING = YES;
				CLANG_WARN_BOOL_CONVERSION = YES;
				CLANG_WARN_COMMA = YES;
				CLANG_WARN_CONSTANT_CONVERSION = YES;
				CLANG_WARN_DEPRECATED_OBJC_IMPLEMENTATIONS = YES;
				CLANG_WARN_DIRECT_OBJC_ISA_USAGE = YES_ERROR;
				CLANG_WARN_DOCUMENTATION_COMMENTS = YES;
				CLANG_WARN_EMPTY_BODY = YES;
				CLANG_WARN_ENUM_CONVERSION = YES;
				CLANG_WARN_INFINITE_RECURSION = YES;
				CLANG_WARN_INT_CONVERSION = YES;
				CLANG_WARN_NON_LITERAL_NULL_CONVERSION = YES;
				CLANG_WARN_OBJC_IMPLICIT_RETAIN_SELF = YES;
				CLANG_WARN_OBJC_LITERAL_CONVERSION = YES;
				CLANG_WARN_OBJC_ROOT_CLASS = YES_ERROR;
				CLANG_WARN_QUOTED_INCLUDE_IN_FRAMEWORK_HEADER = YES;
				CLANG_WARN_RANGE_LOOP_ANALYSIS = YES;
				CLANG_WARN_STRICT_PROTOTYPES = YES;
				CLANG_WARN_SUSPICIOUS_MOVE = YES;
				CLANG_WARN_UNGUARDED_AVAILABILITY = YES_AGGRESSIVE;
				CLANG_WARN_UNREACHABLE_CODE = YES;
				CLANG_WARN__DUPLICATE_METHOD_MATCH = YES;
				COPY_PHASE_STRIP = NO;
				DEBUG_INFORMATION_FORMAT = dwarf;
				ENABLE_STRICT_OBJC_MSGSEND = YES;
				ENABLE_TESTABILITY = YES;
				GCC_C_LANGUAGE_STANDARD = gnu11;
				GCC_DYNAMIC_NO_PIC = NO;
				GCC_NO_COMMON_BLOCKS = YES;
				GCC_OPTIMIZATION_LEVEL = 0;
				GCC_PREPROCESSOR_DEFINITIONS = (
					"DEBUG=1",
					"$(inherited)",
				);
				GCC_WARN_64_TO_32_BIT_CONVERSION = YES;
				GCC_WARN_ABOUT_RETURN_TYPE = YES_ERROR;
				GCC_WARN_UNDECLARED_SELECTOR = YES;
				GCC_WARN_UNINITIALIZED_AUTOS = YES_AGGRESSIVE;
				GCC_WARN_UNUSED_FUNCTION = YES;
				GCC_WARN_UNUSED_VARIABLE = YES;
				MTL_ENABLE_DEBUG_INFO = INCLUDE_SOURCE;
				MTL_FAST_MATH = YES;
				ONLY_ACTIVE_ARCH = YES;
				SWIFT_ACTIVE_COMPILATION_CONDITIONS = DEBUG;
				SWIFT_OPTIMIZATION_LEVEL = "-Onone";
			};
			name = Debug;
		};
		C8554D4F294CA6020080B2AE /* Release */ = {
			isa = XCBuildConfiguration;
			buildSettings = {
				ALWAYS_SEARCH_USER_PATHS = NO;
				CLANG_ANALYZER_NONNULL = YES;
				CLANG_ANALYZER_NUMBER_OBJECT_CONVERSION = YES_AGGRESSIVE;
				CLANG_CXX_LANGUAGE_STANDARD = "gnu++20";
				CLANG_ENABLE_MODULES = YES;
				CLANG_ENABLE_OBJC_ARC = YES;
				CLANG_ENABLE_OBJC_WEAK = YES;
				CLANG_WARN_BLOCK_CAPTURE_AUTORELEASING = YES;
				CLANG_WARN_BOOL_CONVERSION = YES;
				CLANG_WARN_COMMA = YES;
				CLANG_WARN_CONSTANT_CONVERSION = YES;
				CLANG_WARN_DEPRECATED_OBJC_IMPLEMENTATIONS = YES;
				CLANG_WARN_DIRECT_OBJC_ISA_USAGE = YES_ERROR;
				CLANG_WARN_DOCUMENTATION_COMMENTS = YES;
				CLANG_WARN_EMPTY_BODY = YES;
				CLANG_WARN_ENUM_CONVERSION = YES;
				CLANG_WARN_INFINITE_RECURSION = YES;
				CLANG_WARN_INT_CONVERSION = YES;
				CLANG_WARN_NON_LITERAL_NULL_CONVERSION = YES;
				CLANG_WARN_OBJC_IMPLICIT_RETAIN_SELF = YES;
				CLANG_WARN_OBJC_LITERAL_CONVERSION = YES;
				CLANG_WARN_OBJC_ROOT_CLASS = YES_ERROR;
				CLANG_WARN_QUOTED_INCLUDE_IN_FRAMEWORK_HEADER = YES;
				CLANG_WARN_RANGE_LOOP_ANALYSIS = YES;
				CLANG_WARN_STRICT_PROTOTYPES = YES;
				CLANG_WARN_SUSPICIOUS_MOVE = YES;
				CLANG_WARN_UNGUARDED_AVAILABILITY = YES_AGGRESSIVE;
				CLANG_WARN_UNREACHABLE_CODE = YES;
				CLANG_WARN__DUPLICATE_METHOD_MATCH = YES;
				COPY_PHASE_STRIP = NO;
				DEBUG_INFORMATION_FORMAT = "dwarf-with-dsym";
				ENABLE_NS_ASSERTIONS = NO;
				ENABLE_STRICT_OBJC_MSGSEND = YES;
				GCC_C_LANGUAGE_STANDARD = gnu11;
				GCC_NO_COMMON_BLOCKS = YES;
				GCC_WARN_64_TO_32_BIT_CONVERSION = YES;
				GCC_WARN_ABOUT_RETURN_TYPE = YES_ERROR;
				GCC_WARN_UNDECLARED_SELECTOR = YES;
				GCC_WARN_UNINITIALIZED_AUTOS = YES_AGGRESSIVE;
				GCC_WARN_UNUSED_FUNCTION = YES;
				GCC_WARN_UNUSED_VARIABLE = YES;
				MTL_ENABLE_DEBUG_INFO = NO;
				MTL_FAST_MATH = YES;
				SWIFT_COMPILATION_MODE = wholemodule;
				SWIFT_OPTIMIZATION_LEVEL = "-O";
			};
			name = Release;
		};
		C8554D51294CA6020080B2AE /* Debug */ = {
			isa = XCBuildConfiguration;
			buildSettings = {
				ASSETCATALOG_COMPILER_APPICON_NAME = AppIcon;
				ASSETCATALOG_COMPILER_GLOBAL_ACCENT_COLOR_NAME = AccentColor;
				CODE_SIGN_ENTITLEMENTS = ViewBuilder/ViewBuilder.entitlements;
				CODE_SIGN_STYLE = Automatic;
				CURRENT_PROJECT_VERSION = 1;
				DEVELOPMENT_ASSET_PATHS = "\"ViewBuilder/Preview Content\"";
				DEVELOPMENT_TEAM = 936S5Z99AG;
				ENABLE_HARDENED_RUNTIME = YES;
				ENABLE_PREVIEWS = YES;
				GENERATE_INFOPLIST_FILE = YES;
				"INFOPLIST_KEY_UIApplicationSceneManifest_Generation[sdk=iphoneos*]" = YES;
				"INFOPLIST_KEY_UIApplicationSceneManifest_Generation[sdk=iphonesimulator*]" = YES;
				"INFOPLIST_KEY_UIApplicationSupportsIndirectInputEvents[sdk=iphoneos*]" = YES;
				"INFOPLIST_KEY_UIApplicationSupportsIndirectInputEvents[sdk=iphonesimulator*]" = YES;
				"INFOPLIST_KEY_UILaunchScreen_Generation[sdk=iphoneos*]" = YES;
				"INFOPLIST_KEY_UILaunchScreen_Generation[sdk=iphonesimulator*]" = YES;
				"INFOPLIST_KEY_UIStatusBarStyle[sdk=iphoneos*]" = UIStatusBarStyleDefault;
				"INFOPLIST_KEY_UIStatusBarStyle[sdk=iphonesimulator*]" = UIStatusBarStyleDefault;
				INFOPLIST_KEY_UISupportedInterfaceOrientations_iPad = "UIInterfaceOrientationPortrait UIInterfaceOrientationPortraitUpsideDown UIInterfaceOrientationLandscapeLeft UIInterfaceOrientationLandscapeRight";
				INFOPLIST_KEY_UISupportedInterfaceOrientations_iPhone = "UIInterfaceOrientationPortrait UIInterfaceOrientationLandscapeLeft UIInterfaceOrientationLandscapeRight";
				IPHONEOS_DEPLOYMENT_TARGET = 16.2;
				LD_RUNPATH_SEARCH_PATHS = "@executable_path/Frameworks";
				"LD_RUNPATH_SEARCH_PATHS[sdk=macosx*]" = "@executable_path/../Frameworks";
				MACOSX_DEPLOYMENT_TARGET = 13.1;
				MARKETING_VERSION = 1.0;
				PRODUCT_BUNDLE_IDENTIFIER = com.selsela.ViewBuilder;
				PRODUCT_NAME = "$(TARGET_NAME)";
				SDKROOT = auto;
				SUPPORTED_PLATFORMS = "iphoneos iphonesimulator macosx";
				SWIFT_EMIT_LOC_STRINGS = YES;
				SWIFT_VERSION = 5.0;
				TARGETED_DEVICE_FAMILY = "1,2";
			};
			name = Debug;
		};
		C8554D52294CA6020080B2AE /* Release */ = {
			isa = XCBuildConfiguration;
			buildSettings = {
				ASSETCATALOG_COMPILER_APPICON_NAME = AppIcon;
				ASSETCATALOG_COMPILER_GLOBAL_ACCENT_COLOR_NAME = AccentColor;
				CODE_SIGN_ENTITLEMENTS = ViewBuilder/ViewBuilder.entitlements;
				CODE_SIGN_STYLE = Automatic;
				CURRENT_PROJECT_VERSION = 1;
				DEVELOPMENT_ASSET_PATHS = "\"ViewBuilder/Preview Content\"";
				DEVELOPMENT_TEAM = 936S5Z99AG;
				ENABLE_HARDENED_RUNTIME = YES;
				ENABLE_PREVIEWS = YES;
				GENERATE_INFOPLIST_FILE = YES;
				"INFOPLIST_KEY_UIApplicationSceneManifest_Generation[sdk=iphoneos*]" = YES;
				"INFOPLIST_KEY_UIApplicationSceneManifest_Generation[sdk=iphonesimulator*]" = YES;
				"INFOPLIST_KEY_UIApplicationSupportsIndirectInputEvents[sdk=iphoneos*]" = YES;
				"INFOPLIST_KEY_UIApplicationSupportsIndirectInputEvents[sdk=iphonesimulator*]" = YES;
				"INFOPLIST_KEY_UILaunchScreen_Generation[sdk=iphoneos*]" = YES;
				"INFOPLIST_KEY_UILaunchScreen_Generation[sdk=iphonesimulator*]" = YES;
				"INFOPLIST_KEY_UIStatusBarStyle[sdk=iphoneos*]" = UIStatusBarStyleDefault;
				"INFOPLIST_KEY_UIStatusBarStyle[sdk=iphonesimulator*]" = UIStatusBarStyleDefault;
				INFOPLIST_KEY_UISupportedInterfaceOrientations_iPad = "UIInterfaceOrientationPortrait UIInterfaceOrientationPortraitUpsideDown UIInterfaceOrientationLandscapeLeft UIInterfaceOrientationLandscapeRight";
				INFOPLIST_KEY_UISupportedInterfaceOrientations_iPhone = "UIInterfaceOrientationPortrait UIInterfaceOrientationLandscapeLeft UIInterfaceOrientationLandscapeRight";
				IPHONEOS_DEPLOYMENT_TARGET = 16.2;
				LD_RUNPATH_SEARCH_PATHS = "@executable_path/Frameworks";
				"LD_RUNPATH_SEARCH_PATHS[sdk=macosx*]" = "@executable_path/../Frameworks";
				MACOSX_DEPLOYMENT_TARGET = 13.1;
				MARKETING_VERSION = 1.0;
				PRODUCT_BUNDLE_IDENTIFIER = com.selsela.ViewBuilder;
				PRODUCT_NAME = "$(TARGET_NAME)";
				SDKROOT = auto;
				SUPPORTED_PLATFORMS = "iphoneos iphonesimulator macosx";
				SWIFT_EMIT_LOC_STRINGS = YES;
				SWIFT_VERSION = 5.0;
				TARGETED_DEVICE_FAMILY = "1,2";
			};
			name = Release;
		};
		C8554D54294CA6020080B2AE /* Debug */ = {
			isa = XCBuildConfiguration;
			buildSettings = {
				ALWAYS_EMBED_SWIFT_STANDARD_LIBRARIES = YES;
				BUNDLE_LOADER = "$(TEST_HOST)";
				CODE_SIGN_STYLE = Automatic;
				CURRENT_PROJECT_VERSION = 1;
				DEVELOPMENT_TEAM = 936S5Z99AG;
				GENERATE_INFOPLIST_FILE = YES;
				IPHONEOS_DEPLOYMENT_TARGET = 16.2;
				MACOSX_DEPLOYMENT_TARGET = 13.1;
				MARKETING_VERSION = 1.0;
				PRODUCT_BUNDLE_IDENTIFIER = com.selsela.ViewBuilderTests;
				PRODUCT_NAME = "$(TARGET_NAME)";
				SDKROOT = auto;
				SUPPORTED_PLATFORMS = "iphoneos iphonesimulator macosx";
				SWIFT_EMIT_LOC_STRINGS = NO;
				SWIFT_VERSION = 5.0;
				TARGETED_DEVICE_FAMILY = "1,2";
				TEST_HOST = "$(BUILT_PRODUCTS_DIR)/ViewBuilder.app/$(BUNDLE_EXECUTABLE_FOLDER_PATH)/ViewBuilder";
			};
			name = Debug;
		};
		C8554D55294CA6020080B2AE /* Release */ = {
			isa = XCBuildConfiguration;
			buildSettings = {
				ALWAYS_EMBED_SWIFT_STANDARD_LIBRARIES = YES;
				BUNDLE_LOADER = "$(TEST_HOST)";
				CODE_SIGN_STYLE = Automatic;
				CURRENT_PROJECT_VERSION = 1;
				DEVELOPMENT_TEAM = 936S5Z99AG;
				GENERATE_INFOPLIST_FILE = YES;
				IPHONEOS_DEPLOYMENT_TARGET = 16.2;
				MACOSX_DEPLOYMENT_TARGET = 13.1;
				MARKETING_VERSION = 1.0;
				PRODUCT_BUNDLE_IDENTIFIER = com.selsela.ViewBuilderTests;
				PRODUCT_NAME = "$(TARGET_NAME)";
				SDKROOT = auto;
				SUPPORTED_PLATFORMS = "iphoneos iphonesimulator macosx";
				SWIFT_EMIT_LOC_STRINGS = NO;
				SWIFT_VERSION = 5.0;
				TARGETED_DEVICE_FAMILY = "1,2";
				TEST_HOST = "$(BUILT_PRODUCTS_DIR)/ViewBuilder.app/$(BUNDLE_EXECUTABLE_FOLDER_PATH)/ViewBuilder";
			};
			name = Release;
		};
		C8554D57294CA6020080B2AE /* Debug */ = {
			isa = XCBuildConfiguration;
			buildSettings = {
				ALWAYS_EMBED_SWIFT_STANDARD_LIBRARIES = YES;
				CODE_SIGN_STYLE = Automatic;
				CURRENT_PROJECT_VERSION = 1;
				DEVELOPMENT_TEAM = 936S5Z99AG;
				GENERATE_INFOPLIST_FILE = YES;
				IPHONEOS_DEPLOYMENT_TARGET = 16.2;
				MACOSX_DEPLOYMENT_TARGET = 13.1;
				MARKETING_VERSION = 1.0;
				PRODUCT_BUNDLE_IDENTIFIER = com.selsela.ViewBuilderUITests;
				PRODUCT_NAME = "$(TARGET_NAME)";
				SDKROOT = auto;
				SUPPORTED_PLATFORMS = "iphoneos iphonesimulator macosx";
				SWIFT_EMIT_LOC_STRINGS = NO;
				SWIFT_VERSION = 5.0;
				TARGETED_DEVICE_FAMILY = "1,2";
				TEST_TARGET_NAME = ViewBuilder;
			};
			name = Debug;
		};
		C8554D58294CA6020080B2AE /* Release */ = {
			isa = XCBuildConfiguration;
			buildSettings = {
				ALWAYS_EMBED_SWIFT_STANDARD_LIBRARIES = YES;
				CODE_SIGN_STYLE = Automatic;
				CURRENT_PROJECT_VERSION = 1;
				DEVELOPMENT_TEAM = 936S5Z99AG;
				GENERATE_INFOPLIST_FILE = YES;
				IPHONEOS_DEPLOYMENT_TARGET = 16.2;
				MACOSX_DEPLOYMENT_TARGET = 13.1;
				MARKETING_VERSION = 1.0;
				PRODUCT_BUNDLE_IDENTIFIER = com.selsela.ViewBuilderUITests;
				PRODUCT_NAME = "$(TARGET_NAME)";
				SDKROOT = auto;
				SUPPORTED_PLATFORMS = "iphoneos iphonesimulator macosx";
				SWIFT_EMIT_LOC_STRINGS = NO;
				SWIFT_VERSION = 5.0;
				TARGETED_DEVICE_FAMILY = "1,2";
				TEST_TARGET_NAME = ViewBuilder;
			};
			name = Release;
		};
/* End XCBuildConfiguration section */

/* Begin XCConfigurationList section */
		C8554D26294CA6010080B2AE /* Build configuration list for PBXProject "ViewBuilder" */ = {
			isa = XCConfigurationList;
			buildConfigurations = (
				C8554D4E294CA6020080B2AE /* Debug */,
				C8554D4F294CA6020080B2AE /* Release */,
			);
			defaultConfigurationIsVisible = 0;
			defaultConfigurationName = Release;
		};
		C8554D50294CA6020080B2AE /* Build configuration list for PBXNativeTarget "ViewBuilder" */ = {
			isa = XCConfigurationList;
			buildConfigurations = (
				C8554D51294CA6020080B2AE /* Debug */,
				C8554D52294CA6020080B2AE /* Release */,
			);
			defaultConfigurationIsVisible = 0;
			defaultConfigurationName = Release;
		};
		C8554D53294CA6020080B2AE /* Build configuration list for PBXNativeTarget "ViewBuilderTests" */ = {
			isa = XCConfigurationList;
			buildConfigurations = (
				C8554D54294CA6020080B2AE /* Debug */,
				C8554D55294CA6020080B2AE /* Release */,
			);
			defaultConfigurationIsVisible = 0;
			defaultConfigurationName = Release;
		};
		C8554D56294CA6020080B2AE /* Build configuration list for PBXNativeTarget "ViewBuilderUITests" */ = {
			isa = XCConfigurationList;
			buildConfigurations = (
				C8554D57294CA6020080B2AE /* Debug */,
				C8554D58294CA6020080B2AE /* Release */,
			);
			defaultConfigurationIsVisible = 0;
			defaultConfigurationName = Release;
		};
/* End XCConfigurationList section */
	};
	rootObject = C8554D23294CA6010080B2AE /* Project object */;
}
